
Microsoft Visual Studio Solution File, Format Version 12.00
# Visual Studio Version 17
VisualStudioVersion = 17.0.31903.59
MinimumVisualStudioVersion = 10.0.40219.1
Project("{FAE04EC0-301F-11D3-BF4B-00C04F79EFBC}") = "simulation", "simulation\simulation.csproj", "{8F0A63CB-F913-47F1-A028-9336E100D583}"
EndProject
Project("{FAE04EC0-301F-11D3-BF4B-00C04F79EFBC}") = "simulation.tests", "simulation.tests\simulation.tests.csproj", "{F27853DE-F2FC-4307-8AA7-090C0238FBAF}"
EndProject
Global
	GlobalSection(SolutionConfigurationPlatforms) = preSolution
		Debug|Any CPU = Debug|Any CPU
		Release|Any CPU = Release|Any CPU
	EndGlobalSection
	GlobalSection(SolutionProperties) = preSolution
		HideSolutionNode = FALSE
	EndGlobalSection
	GlobalSection(ProjectConfigurationPlatforms) = postSolution
		{8F0A63CB-F913-47F1-A028-9336E100D583}.Debug|Any CPU.ActiveCfg = Debug|Any CPU
		{8F0A63CB-F913-47F1-A028-9336E100D583}.Debug|Any CPU.Build.0 = Debug|Any CPU
		{8F0A63CB-F913-47F1-A028-9336E100D583}.Release|Any CPU.ActiveCfg = Release|Any CPU
		{8F0A63CB-F913-47F1-A028-9336E100D583}.Release|Any CPU.Build.0 = Release|Any CPU
		{F27853DE-F2FC-4307-8AA7-090C0238FBAF}.Debug|Any CPU.ActiveCfg = Debug|Any CPU
		{F27853DE-F2FC-4307-8AA7-090C0238FBAF}.Debug|Any CPU.Build.0 = Debug|Any CPU
		{F27853DE-F2FC-4307-8AA7-090C0238FBAF}.Release|Any CPU.ActiveCfg = Release|Any CPU
		{F27853DE-F2FC-4307-8AA7-090C0238FBAF}.Release|Any CPU.Build.0 = Release|Any CPU
	EndGlobalSection
EndGlobal
